// !$*UTF8*$!
{
	archiveVersion = 1;
	classes = {
	};
	objectVersion = 46;
	objects = {

/* Begin PBXBuildFile section */
		3FDFA9F01AEFCA9200C41FA5 /* main.m in Sources */ = {isa = PBXBuildFile; fileRef = 3FDFA9EF1AEFCA9200C41FA5 /* main.m */; };
		3FDFA9F31AEFCA9200C41FA5 /* AppDelegate.m in Sources */ = {isa = PBXBuildFile; fileRef = 3FDFA9F21AEFCA9200C41FA5 /* AppDelegate.m */; };
		3FDFA9F61AEFCA9300C41FA5 /* bizcardScanner.xcdatamodeld in Sources */ = {isa = PBXBuildFile; fileRef = 3FDFA9F41AEFCA9300C41FA5 /* bizcardScanner.xcdatamodeld */; };
		3FDFA9F91AEFCA9300C41FA5 /* ViewController.m in Sources */ = {isa = PBXBuildFile; fileRef = 3FDFA9F81AEFCA9300C41FA5 /* ViewController.m */; };
		3FDFA9FC1AEFCA9300C41FA5 /* Main.storyboard in Resources */ = {isa = PBXBuildFile; fileRef = 3FDFA9FA1AEFCA9300C41FA5 /* Main.storyboard */; };
		3FDFA9FE1AEFCA9300C41FA5 /* Images.xcassets in Resources */ = {isa = PBXBuildFile; fileRef = 3FDFA9FD1AEFCA9300C41FA5 /* Images.xcassets */; };
		3FDFAA011AEFCA9300C41FA5 /* LaunchScreen.xib in Resources */ = {isa = PBXBuildFile; fileRef = 3FDFA9FF1AEFCA9300C41FA5 /* LaunchScreen.xib */; };
		3FDFAA0D1AEFCA9300C41FA5 /* bizcardScannerTests.m in Sources */ = {isa = PBXBuildFile; fileRef = 3FDFAA0C1AEFCA9300C41FA5 /* bizcardScannerTests.m */; };
/* End PBXBuildFile section */

/* Begin PBXContainerItemProxy section */
		3FDFAA071AEFCA9300C41FA5 /* PBXContainerItemProxy */ = {
			isa = PBXContainerItemProxy;
			containerPortal = 3FDFA9E21AEFCA9200C41FA5 /* Project object */;
			proxyType = 1;
			remoteGlobalIDString = 3FDFA9E91AEFCA9200C41FA5;
			remoteInfo = bizcardScanner;
		};
/* End PBXContainerItemProxy section */

/* Begin PBXFileReference section */
		3FDFA9EA1AEFCA9200C41FA5 /* bizcardScanner.app */ = {isa = PBXFileReference; explicitFileType = wrapper.application; includeInIndex = 0; path = bizcardScanner.app; sourceTree = BUILT_PRODUCTS_DIR; };
		3FDFA9EE1AEFCA9200C41FA5 /* Info.plist */ = {isa = PBXFileReference; lastKnownFileType = text.plist.xml; path = Info.plist; sourceTree = "<group>"; };
		3FDFA9EF1AEFCA9200C41FA5 /* main.m */ = {isa = PBXFileReference; lastKnownFileType = sourcecode.c.objc; path = main.m; sourceTree = "<group>"; };
		3FDFA9F11AEFCA9200C41FA5 /* AppDelegate.h */ = {isa = PBXFileReference; lastKnownFileType = sourcecode.c.h; path = AppDelegate.h; sourceTree = "<group>"; };
		3FDFA9F21AEFCA9200C41FA5 /* AppDelegate.m */ = {isa = PBXFileReference; lastKnownFileType = sourcecode.c.objc; path = AppDelegate.m; sourceTree = "<group>"; };
		3FDFA9F51AEFCA9300C41FA5 /* bizcardScanner.xcdatamodel */ = {isa = PBXFileReference; lastKnownFileType = wrapper.xcdatamodel; path = bizcardScanner.xcdatamodel; sourceTree = "<group>"; };
		3FDFA9F71AEFCA9300C41FA5 /* ViewController.h */ = {isa = PBXFileReference; lastKnownFileType = sourcecode.c.h; path = ViewController.h; sourceTree = "<group>"; };
		3FDFA9F81AEFCA9300C41FA5 /* ViewController.m */ = {isa = PBXFileReference; lastKnownFileType = sourcecode.c.objc; path = ViewController.m; sourceTree = "<group>"; };
		3FDFA9FB1AEFCA9300C41FA5 /* Base */ = {isa = PBXFileReference; lastKnownFileType = file.storyboard; name = Base; path = Base.lproj/Main.storyboard; sourceTree = "<group>"; };
		3FDFA9FD1AEFCA9300C41FA5 /* Images.xcassets */ = {isa = PBXFileReference; lastKnownFileType = folder.assetcatalog; path = Images.xcassets; sourceTree = "<group>"; };
		3FDFAA001AEFCA9300C41FA5 /* Base */ = {isa = PBXFileReference; lastKnownFileType = file.xib; name = Base; path = Base.lproj/LaunchScreen.xib; sourceTree = "<group>"; };
		3FDFAA061AEFCA9300C41FA5 /* bizcardScannerTests.xctest */ = {isa = PBXFileReference; explicitFileType = wrapper.cfbundle; includeInIndex = 0; path = bizcardScannerTests.xctest; sourceTree = BUILT_PRODUCTS_DIR; };
		3FDFAA0B1AEFCA9300C41FA5 /* Info.plist */ = {isa = PBXFileReference; lastKnownFileType = text.plist.xml; path = Info.plist; sourceTree = "<group>"; };
		3FDFAA0C1AEFCA9300C41FA5 /* bizcardScannerTests.m */ = {isa = PBXFileReference; lastKnownFileType = sourcecode.c.objc; path = bizcardScannerTests.m; sourceTree = "<group>"; };
/* End PBXFileReference section */

/* Begin PBXFrameworksBuildPhase section */
		3FDFA9E71AEFCA9200C41FA5 /* Frameworks */ = {
			isa = PBXFrameworksBuildPhase;
			buildActionMask = 2147483647;
			files = (
			);
			runOnlyForDeploymentPostprocessing = 0;
		};
		3FDFAA031AEFCA9300C41FA5 /* Frameworks */ = {
			isa = PBXFrameworksBuildPhase;
			buildActionMask = 2147483647;
			files = (
			);
			runOnlyForDeploymentPostprocessing = 0;
		};
/* End PBXFrameworksBuildPhase section */

/* Begin PBXGroup section */
		3FDFA9E11AEFCA9200C41FA5 = {
			isa = PBXGroup;
			children = (
				3FDFA9EC1AEFCA9200C41FA5 /* bizcardScanner */,
				3FDFAA091AEFCA9300C41FA5 /* bizcardScannerTests */,
				3FDFA9EB1AEFCA9200C41FA5 /* Products */,
			);
			sourceTree = "<group>";
		};
		3FDFA9EB1AEFCA9200C41FA5 /* Products */ = {
			isa = PBXGroup;
			children = (
				3FDFA9EA1AEFCA9200C41FA5 /* bizcardScanner.app */,
				3FDFAA061AEFCA9300C41FA5 /* bizcardScannerTests.xctest */,
			);
			name = Products;
			sourceTree = "<group>";
		};
		3FDFA9EC1AEFCA9200C41FA5 /* bizcardScanner */ = {
			isa = PBXGroup;
			children = (
				3FDFA9F11AEFCA9200C41FA5 /* AppDelegate.h */,
				3FDFA9F21AEFCA9200C41FA5 /* AppDelegate.m */,
				3FDFA9F71AEFCA9300C41FA5 /* ViewController.h */,
				3FDFA9F81AEFCA9300C41FA5 /* ViewController.m */,
				3FDFA9FA1AEFCA9300C41FA5 /* Main.storyboard */,
				3FDFA9FD1AEFCA9300C41FA5 /* Images.xcassets */,
				3FDFA9FF1AEFCA9300C41FA5 /* LaunchScreen.xib */,
				3FDFA9F41AEFCA9300C41FA5 /* bizcardScanner.xcdatamodeld */,
				3FDFA9ED1AEFCA9200C41FA5 /* Supporting Files */,
			);
			path = bizcardScanner;
			sourceTree = "<group>";
		};
		3FDFA9ED1AEFCA9200C41FA5 /* Supporting Files */ = {
			isa = PBXGroup;
			children = (
				3FDFA9EE1AEFCA9200C41FA5 /* Info.plist */,
				3FDFA9EF1AEFCA9200C41FA5 /* main.m */,
			);
			name = "Supporting Files";
			sourceTree = "<group>";
		};
		3FDFAA091AEFCA9300C41FA5 /* bizcardScannerTests */ = {
			isa = PBXGroup;
			children = (
				3FDFAA0C1AEFCA9300C41FA5 /* bizcardScannerTests.m */,
				3FDFAA0A1AEFCA9300C41FA5 /* Supporting Files */,
			);
			path = bizcardScannerTests;
			sourceTree = "<group>";
		};
		3FDFAA0A1AEFCA9300C41FA5 /* Supporting Files */ = {
			isa = PBXGroup;
			children = (
				3FDFAA0B1AEFCA9300C41FA5 /* Info.plist */,
			);
			name = "Supporting Files";
			sourceTree = "<group>";
		};
/* End PBXGroup section */

/* Begin PBXNativeTarget section */
		3FDFA9E91AEFCA9200C41FA5 /* bizcardScanner */ = {
			isa = PBXNativeTarget;
			buildConfigurationList = 3FDFAA101AEFCA9300C41FA5 /* Build configuration list for PBXNativeTarget "bizcardScanner" */;
			buildPhases = (
				3FDFA9E61AEFCA9200C41FA5 /* Sources */,
				3FDFA9E71AEFCA9200C41FA5 /* Frameworks */,
				3FDFA9E81AEFCA9200C41FA5 /* Resources */,
			);
			buildRules = (
			);
			dependencies = (
			);
			name = bizcardScanner;
			productName = bizcardScanner;
			productReference = 3FDFA9EA1AEFCA9200C41FA5 /* bizcardScanner.app */;
			productType = "com.apple.product-type.application";
		};
		3FDFAA051AEFCA9300C41FA5 /* bizcardScannerTests */ = {
			isa = PBXNativeTarget;
			buildConfigurationList = 3FDFAA131AEFCA9300C41FA5 /* Build configuration list for PBXNativeTarget "bizcardScannerTests" */;
			buildPhases = (
				3FDFAA021AEFCA9300C41FA5 /* Sources */,
				3FDFAA031AEFCA9300C41FA5 /* Frameworks */,
				3FDFAA041AEFCA9300C41FA5 /* Resources */,
			);
			buildRules = (
			);
			dependencies = (
				3FDFAA081AEFCA9300C41FA5 /* PBXTargetDependency */,
			);
			name = bizcardScannerTests;
			productName = bizcardScannerTests;
			productReference = 3FDFAA061AEFCA9300C41FA5 /* bizcardScannerTests.xctest */;
			productType = "com.apple.product-type.bundle.unit-test";
		};
/* End PBXNativeTarget section */

/* Begin PBXProject section */
		3FDFA9E21AEFCA9200C41FA5 /* Project object */ = {
			isa = PBXProject;
			attributes = {
				LastUpgradeCheck = 0630;
				ORGANIZATIONNAME = Enhatch;
				TargetAttributes = {
					3FDFA9E91AEFCA9200C41FA5 = {
						CreatedOnToolsVersion = 6.3.1;
					};
					3FDFAA051AEFCA9300C41FA5 = {
						CreatedOnToolsVersion = 6.3.1;
						TestTargetID = 3FDFA9E91AEFCA9200C41FA5;
					};
				};
			};
			buildConfigurationList = 3FDFA9E51AEFCA9200C41FA5 /* Build configuration list for PBXProject "bizcardScanner" */;
			compatibilityVersion = "Xcode 3.2";
			developmentRegion = English;
			hasScannedForEncodings = 0;
			knownRegions = (
				en,
				Base,
			);
			mainGroup = 3FDFA9E11AEFCA9200C41FA5;
			productRefGroup = 3FDFA9EB1AEFCA9200C41FA5 /* Products */;
			projectDirPath = "";
			projectRoot = "";
			targets = (
				3FDFA9E91AEFCA9200C41FA5 /* bizcardScanner */,
				3FDFAA051AEFCA9300C41FA5 /* bizcardScannerTests */,
			);
		};
/* End PBXProject section */

/* Begin PBXResourcesBuildPhase section */
		3FDFA9E81AEFCA9200C41FA5 /* Resources */ = {
			isa = PBXResourcesBuildPhase;
			buildActionMask = 2147483647;
			files = (
				3FDFA9FC1AEFCA9300C41FA5 /* Main.storyboard in Resources */,
				3FDFAA011AEFCA9300C41FA5 /* LaunchScreen.xib in Resources */,
				3FDFA9FE1AEFCA9300C41FA5 /* Images.xcassets in Resources */,
			);
			runOnlyForDeploymentPostprocessing = 0;
		};
		3FDFAA041AEFCA9300C41FA5 /* Resources */ = {
			isa = PBXResourcesBuildPhase;
			buildActionMask = 2147483647;
			files = (
			);
			runOnlyForDeploymentPostprocessing = 0;
		};
/* End PBXResourcesBuildPhase section */

/* Begin PBXSourcesBuildPhase section */
		3FDFA9E61AEFCA9200C41FA5 /* Sources */ = {
			isa = PBXSourcesBuildPhase;
			buildActionMask = 2147483647;
			files = (
				3FDFA9F31AEFCA9200C41FA5 /* AppDelegate.m in Sources */,
				3FDFA9F61AEFCA9300C41FA5 /* bizcardScanner.xcdatamodeld in Sources */,
				3FDFA9F91AEFCA9300C41FA5 /* ViewController.m in Sources */,
				3FDFA9F01AEFCA9200C41FA5 /* main.m in Sources */,
			);
			runOnlyForDeploymentPostprocessing = 0;
		};
		3FDFAA021AEFCA9300C41FA5 /* Sources */ = {
			isa = PBXSourcesBuildPhase;
			buildActionMask = 2147483647;
			files = (
				3FDFAA0D1AEFCA9300C41FA5 /* bizcardScannerTests.m in Sources */,
			);
			runOnlyForDeploymentPostprocessing = 0;
		};
/* End PBXSourcesBuildPhase section */

/* Begin PBXTargetDependency section */
		3FDFAA081AEFCA9300C41FA5 /* PBXTargetDependency */ = {
			isa = PBXTargetDependency;
			target = 3FDFA9E91AEFCA9200C41FA5 /* bizcardScanner */;
			targetProxy = 3FDFAA071AEFCA9300C41FA5 /* PBXContainerItemProxy */;
		};
/* End PBXTargetDependency section */

/* Begin PBXVariantGroup section */
		3FDFA9FA1AEFCA9300C41FA5 /* Main.storyboard */ = {
			isa = PBXVariantGroup;
			children = (
				3FDFA9FB1AEFCA9300C41FA5 /* Base */,
			);
			name = Main.storyboard;
			sourceTree = "<group>";
		};
		3FDFA9FF1AEFCA9300C41FA5 /* LaunchScreen.xib */ = {
			isa = PBXVariantGroup;
			children = (
				3FDFAA001AEFCA9300C41FA5 /* Base */,
			);
			name = LaunchScreen.xib;
			sourceTree = "<group>";
		};
/* End PBXVariantGroup section */

/* Begin XCBuildConfiguration section */
		3FDFAA0E1AEFCA9300C41FA5 /* Debug */ = {
			isa = XCBuildConfiguration;
			buildSettings = {
				ALWAYS_SEARCH_USER_PATHS = NO;
				CLANG_CXX_LANGUAGE_STANDARD = "gnu++0x";
				CLANG_CXX_LIBRARY = "libc++";
				CLANG_ENABLE_MODULES = YES;
				CLANG_ENABLE_OBJC_ARC = YES;
				CLANG_WARN_BOOL_CONVERSION = YES;
				CLANG_WARN_CONSTANT_CONVERSION = YES;
				CLANG_WARN_DIRECT_OBJC_ISA_USAGE = YES_ERROR;
				CLANG_WARN_EMPTY_BODY = YES;
				CLANG_WARN_ENUM_CONVERSION = YES;
				CLANG_WARN_INT_CONVERSION = YES;
				CLANG_WARN_OBJC_ROOT_CLASS = YES_ERROR;
				CLANG_WARN_UNREACHABLE_CODE = YES;
				CLANG_WARN__DUPLICATE_METHOD_MATCH = YES;
				"CODE_SIGN_IDENTITY[sdk=iphoneos*]" = "iPhone Developer";
				COPY_PHASE_STRIP = NO;
				DEBUG_INFORMATION_FORMAT = "dwarf-with-dsym";
				ENABLE_STRICT_OBJC_MSGSEND = YES;
				GCC_C_LANGUAGE_STANDARD = gnu99;
				GCC_DYNAMIC_NO_PIC = NO;
				GCC_NO_COMMON_BLOCKS = YES;
				GCC_OPTIMIZATION_LEVEL = 0;
				GCC_PREPROCESSOR_DEFINITIONS = (
					"DEBUG=1",
					"$(inherited)",
				);
				GCC_SYMBOLS_PRIVATE_EXTERN = NO;
				GCC_WARN_64_TO_32_BIT_CONVERSION = YES;
				GCC_WARN_ABOUT_RETURN_TYPE = YES_ERROR;
				GCC_WARN_UNDECLARED_SELECTOR = YES;
				GCC_WARN_UNINITIALIZED_AUTOS = YES_AGGRESSIVE;
				GCC_WARN_UNUSED_FUNCTION = YES;
				GCC_WARN_UNUSED_VARIABLE = YES;
				IPHONEOS_DEPLOYMENT_TARGET = 8.3;
				MTL_ENABLE_DEBUG_INFO = YES;
				ONLY_ACTIVE_ARCH = YES;
				SDKROOT = iphoneos;
			};
			name = Debug;
		};
		3FDFAA0F1AEFCA9300C41FA5 /* Release */ = {
			isa = XCBuildConfiguration;
			buildSettings = {
				ALWAYS_SEARCH_USER_PATHS = NO;
				CLANG_CXX_LANGUAGE_STANDARD = "gnu++0x";
				CLANG_CXX_LIBRARY = "libc++";
				CLANG_ENABLE_MODULES = YES;
				CLANG_ENABLE_OBJC_ARC = YES;
				CLANG_WARN_BOOL_CONVERSION = YES;
				CLANG_WARN_CONSTANT_CONVERSION = YES;
				CLANG_WARN_DIRECT_OBJC_ISA_USAGE = YES_ERROR;
				CLANG_WARN_EMPTY_BODY = YES;
				CLANG_WARN_ENUM_CONVERSION = YES;
				CLANG_WARN_INT_CONVERSION = YES;
				CLANG_WARN_OBJC_ROOT_CLASS = YES_ERROR;
				CLANG_WARN_UNREACHABLE_CODE = YES;
				CLANG_WARN__DUPLICATE_METHOD_MATCH = YES;
				"CODE_SIGN_IDENTITY[sdk=iphoneos*]" = "iPhone Developer";
				COPY_PHASE_STRIP = NO;
				DEBUG_INFORMATION_FORMAT = "dwarf-with-dsym";
				ENABLE_NS_ASSERTIONS = NO;
				ENABLE_STRICT_OBJC_MSGSEND = YES;
				GCC_C_LANGUAGE_STANDARD = gnu99;
				GCC_NO_COMMON_BLOCKS = YES;
				GCC_WARN_64_TO_32_BIT_CONVERSION = YES;
				GCC_WARN_ABOUT_RETURN_TYPE = YES_ERROR;
				GCC_WARN_UNDECLARED_SELECTOR = YES;
				GCC_WARN_UNINITIALIZED_AUTOS = YES_AGGRESSIVE;
				GCC_WARN_UNUSED_FUNCTION = YES;
				GCC_WARN_UNUSED_VARIABLE = YES;
				IPHONEOS_DEPLOYMENT_TARGET = 8.3;
				MTL_ENABLE_DEBUG_INFO = NO;
				SDKROOT = iphoneos;
				VALIDATE_PRODUCT = YES;
			};
			name = Release;
		};
		3FDFAA111AEFCA9300C41FA5 /* Debug */ = {
			isa = XCBuildConfiguration;
			buildSettings = {
				ASSETCATALOG_COMPILER_APPICON_NAME = AppIcon;
				INFOPLIST_FILE = bizcardScanner/Info.plist;
				LD_RUNPATH_SEARCH_PATHS = "$(inherited) @executable_path/Frameworks";
				PRODUCT_NAME = "$(TARGET_NAME)";
			};
			name = Debug;
		};
		3FDFAA121AEFCA9300C41FA5 /* Release */ = {
			isa = XCBuildConfiguration;
			buildSettings = {
				ASSETCATALOG_COMPILER_APPICON_NAME = AppIcon;
				INFOPLIST_FILE = bizcardScanner/Info.plist;
				LD_RUNPATH_SEARCH_PATHS = "$(inherited) @executable_path/Frameworks";
				PRODUCT_NAME = "$(TARGET_NAME)";
			};
			name = Release;
		};
		3FDFAA141AEFCA9300C41FA5 /* Debug */ = {
			isa = XCBuildConfiguration;
			buildSettings = {
				BUNDLE_LOADER = "$(TEST_HOST)";
				FRAMEWORK_SEARCH_PATHS = (
					"$(SDKROOT)/Developer/Library/Frameworks",
					"$(inherited)",
				);
				GCC_PREPROCESSOR_DEFINITIONS = (
					"DEBUG=1",
					"$(inherited)",
				);
				INFOPLIST_FILE = bizcardScannerTests/Info.plist;
				LD_RUNPATH_SEARCH_PATHS = "$(inherited) @executable_path/Frameworks @loader_path/Frameworks";
				PRODUCT_NAME = "$(TARGET_NAME)";
				TEST_HOST = "$(BUILT_PRODUCTS_DIR)/bizcardScanner.app/bizcardScanner";
			};
			name = Debug;
		};
		3FDFAA151AEFCA9300C41FA5 /* Release */ = {
			isa = XCBuildConfiguration;
			buildSettings = {
				BUNDLE_LOADER = "$(TEST_HOST)";
				FRAMEWORK_SEARCH_PATHS = (
					"$(SDKROOT)/Developer/Library/Frameworks",
					"$(inherited)",
				);
				INFOPLIST_FILE = bizcardScannerTests/Info.plist;
				LD_RUNPATH_SEARCH_PATHS = "$(inherited) @executable_path/Frameworks @loader_path/Frameworks";
				PRODUCT_NAME = "$(TARGET_NAME)";
				TEST_HOST = "$(BUILT_PRODUCTS_DIR)/bizcardScanner.app/bizcardScanner";
			};
			name = Release;
		};
/* End XCBuildConfiguration section */

/* Begin XCConfigurationList section */
		3FDFA9E51AEFCA9200C41FA5 /* Build configuration list for PBXProject "bizcardScanner" */ = {
			isa = XCConfigurationList;
			buildConfigurations = (
				3FDFAA0E1AEFCA9300C41FA5 /* Debug */,
				3FDFAA0F1AEFCA9300C41FA5 /* Release */,
			);
			defaultConfigurationIsVisible = 0;
			defaultConfigurationName = Release;
		};
		3FDFAA101AEFCA9300C41FA5 /* Build configuration list for PBXNativeTarget "bizcardScanner" */ = {
			isa = XCConfigurationList;
			buildConfigurations = (
				3FDFAA111AEFCA9300C41FA5 /* Debug */,
				3FDFAA121AEFCA9300C41FA5 /* Release */,
			);
			defaultConfigurationIsVisible = 0;
		};
		3FDFAA131AEFCA9300C41FA5 /* Build configuration list for PBXNativeTarget "bizcardScannerTests" */ = {
			isa = XCConfigurationList;
			buildConfigurations = (
				3FDFAA141AEFCA9300C41FA5 /* Debug */,
				3FDFAA151AEFCA9300C41FA5 /* Release */,
			);
			defaultConfigurationIsVisible = 0;
		};
/* End XCConfigurationList section */

/* Begin XCVersionGroup section */
		3FDFA9F41AEFCA9300C41FA5 /* bizcardScanner.xcdatamodeld */ = {
			isa = XCVersionGroup;
			children = (
				3FDFA9F51AEFCA9300C41FA5 /* bizcardScanner.xcdatamodel */,
			);
			currentVersion = 3FDFA9F51AEFCA9300C41FA5 /* bizcardScanner.xcdatamodel */;
			path = bizcardScanner.xcdatamodeld;
			sourceTree = "<group>";
			versionGroupType = wrapper.xcdatamodel;
		};
/* End XCVersionGroup section */
	};
	rootObject = 3FDFA9E21AEFCA9200C41FA5 /* Project object */;
}
